
Microsoft Visual Studio Solution File, Format Version 12.00
# Visual Studio 15
VisualStudioVersion = 15.0.27130.2036
MinimumVisualStudioVersion = 10.0.40219.1
Project("{FAE04EC0-301F-11D3-BF4B-00C04F79EFBC}") = "eCommerce.Core", "eCommerce.Core\eCommerce.Core.csproj", "{96D7E265-B310-4F67-9F25-72D01ADDB00F}"
EndProject
Project("{FAE04EC0-301F-11D3-BF4B-00C04F79EFBC}") = "eCommerce.Web", "eCommerce.Web\eCommerce.Web.csproj", "{DD5388CC-027E-40C3-B23A-1321737627CE}"
EndProject
Project("{2150E333-8FDC-42A3-9474-1A3956D46DE8}") = "Src", "Src", "{5F9D38DA-F886-4DCD-BE2C-DDA064B23355}"
EndProject
Project("{2150E333-8FDC-42A3-9474-1A3956D46DE8}") = "Test", "Test", "{FB14C234-590A-46ED-A0FD-27837CAE7DF9}"
EndProject
Project("{FAE04EC0-301F-11D3-BF4B-00C04F79EFBC}") = "eCommerce.Test", "eCommrece.Test\eCommerce.Test.csproj", "{073757CC-C859-4A89-A3D6-2C588AFAE2CE}"
EndProject
Project("{FAE04EC0-301F-11D3-BF4B-00C04F79EFBC}") = "eCommerce.Service", "eCommerce.Service\eCommerce.Service.csproj", "{DAEE47F7-2201-4472-9D40-1E087177A7C4}"
EndProject
Global
	GlobalSection(SolutionConfigurationPlatforms) = preSolution
		Debug|Any CPU = Debug|Any CPU
		Release|Any CPU = Release|Any CPU
	EndGlobalSection
	GlobalSection(ProjectConfigurationPlatforms) = postSolution
		{96D7E265-B310-4F67-9F25-72D01ADDB00F}.Debug|Any CPU.ActiveCfg = Debug|Any CPU
		{96D7E265-B310-4F67-9F25-72D01ADDB00F}.Debug|Any CPU.Build.0 = Debug|Any CPU
		{96D7E265-B310-4F67-9F25-72D01ADDB00F}.Release|Any CPU.ActiveCfg = Release|Any CPU
		{96D7E265-B310-4F67-9F25-72D01ADDB00F}.Release|Any CPU.Build.0 = Release|Any CPU
		{DD5388CC-027E-40C3-B23A-1321737627CE}.Debug|Any CPU.ActiveCfg = Debug|Any CPU
		{DD5388CC-027E-40C3-B23A-1321737627CE}.Debug|Any CPU.Build.0 = Debug|Any CPU
		{DD5388CC-027E-40C3-B23A-1321737627CE}.Release|Any CPU.ActiveCfg = Release|Any CPU
		{DD5388CC-027E-40C3-B23A-1321737627CE}.Release|Any CPU.Build.0 = Release|Any CPU
		{073757CC-C859-4A89-A3D6-2C588AFAE2CE}.Debug|Any CPU.ActiveCfg = Debug|Any CPU
		{073757CC-C859-4A89-A3D6-2C588AFAE2CE}.Debug|Any CPU.Build.0 = Debug|Any CPU
		{073757CC-C859-4A89-A3D6-2C588AFAE2CE}.Release|Any CPU.ActiveCfg = Release|Any CPU
		{073757CC-C859-4A89-A3D6-2C588AFAE2CE}.Release|Any CPU.Build.0 = Release|Any CPU
		{DAEE47F7-2201-4472-9D40-1E087177A7C4}.Debug|Any CPU.ActiveCfg = Debug|Any CPU
		{DAEE47F7-2201-4472-9D40-1E087177A7C4}.Debug|Any CPU.Build.0 = Debug|Any CPU
		{DAEE47F7-2201-4472-9D40-1E087177A7C4}.Release|Any CPU.ActiveCfg = Release|Any CPU
		{DAEE47F7-2201-4472-9D40-1E087177A7C4}.Release|Any CPU.Build.0 = Release|Any CPU
	EndGlobalSection
	GlobalSection(SolutionProperties) = preSolution
		HideSolutionNode = FALSE
	EndGlobalSection
	GlobalSection(NestedProjects) = preSolution
		{96D7E265-B310-4F67-9F25-72D01ADDB00F} = {5F9D38DA-F886-4DCD-BE2C-DDA064B23355}
		{DD5388CC-027E-40C3-B23A-1321737627CE} = {5F9D38DA-F886-4DCD-BE2C-DDA064B23355}
		{073757CC-C859-4A89-A3D6-2C588AFAE2CE} = {FB14C234-590A-46ED-A0FD-27837CAE7DF9}
		{DAEE47F7-2201-4472-9D40-1E087177A7C4} = {5F9D38DA-F886-4DCD-BE2C-DDA064B23355}
	EndGlobalSection
	GlobalSection(ExtensibilityGlobals) = postSolution
		SolutionGuid = {CA804B6C-1E2A-4117-B8A6-E6582F7A5A78}
	EndGlobalSection
EndGlobal
